// !$*UTF8*$!
{
	archiveVersion = 1;
	classes = {
	};
	objectVersion = 46;
	objects = {

/* Begin PBXBuildFile section */
		225869B51C54626A00C11C17 /* AppDelegate.swift in Sources */ = {isa = PBXBuildFile; fileRef = 225869B41C54626A00C11C17 /* AppDelegate.swift */; };
		225869BA1C54626A00C11C17 /* Main.storyboard in Resources */ = {isa = PBXBuildFile; fileRef = 225869B81C54626A00C11C17 /* Main.storyboard */; };
		225869BC1C54626A00C11C17 /* Assets.xcassets in Resources */ = {isa = PBXBuildFile; fileRef = 225869BB1C54626A00C11C17 /* Assets.xcassets */; };
		225869BF1C54626A00C11C17 /* LaunchScreen.storyboard in Resources */ = {isa = PBXBuildFile; fileRef = 225869BD1C54626A00C11C17 /* LaunchScreen.storyboard */; };
		225869CA1C54626A00C11C17 /* BeLikeMeTests.swift in Sources */ = {isa = PBXBuildFile; fileRef = 225869C91C54626A00C11C17 /* BeLikeMeTests.swift */; };
		225869D51C54626A00C11C17 /* BeLikeMeUITests.swift in Sources */ = {isa = PBXBuildFile; fileRef = 225869D41C54626A00C11C17 /* BeLikeMeUITests.swift */; };
		225869E31C54678900C11C17 /* PickViewController.swift in Sources */ = {isa = PBXBuildFile; fileRef = 225869E21C54678800C11C17 /* PickViewController.swift */; };
		225869E51C54679700C11C17 /* ShareViewController.swift in Sources */ = {isa = PBXBuildFile; fileRef = 225869E41C54679700C11C17 /* ShareViewController.swift */; };
		225869E81C54781D00C11C17 /* globalUser.swift in Sources */ = {isa = PBXBuildFile; fileRef = 225869E71C54781D00C11C17 /* globalUser.swift */; };
		225869EA1C547B6700C11C17 /* StringReverserActivity.swift in Sources */ = {isa = PBXBuildFile; fileRef = 225869E91C547B6700C11C17 /* StringReverserActivity.swift */; };
		225869EF1C549DF700C11C17 /* OvalLayer.swift in Sources */ = {isa = PBXBuildFile; fileRef = 225869EB1C549DF600C11C17 /* OvalLayer.swift */; };
		225869F01C549DF700C11C17 /* TriangleLayer.swift in Sources */ = {isa = PBXBuildFile; fileRef = 225869EC1C549DF600C11C17 /* TriangleLayer.swift */; };
		225869F11C549DF700C11C17 /* RectangleLayer.swift in Sources */ = {isa = PBXBuildFile; fileRef = 225869ED1C549DF600C11C17 /* RectangleLayer.swift */; };
		225869F21C549DF700C11C17 /* ArcLayer.swift in Sources */ = {isa = PBXBuildFile; fileRef = 225869EE1C549DF600C11C17 /* ArcLayer.swift */; };
		225869F41C549E0D00C11C17 /* HolderView.swift in Sources */ = {isa = PBXBuildFile; fileRef = 225869F31C549E0D00C11C17 /* HolderView.swift */; };
		225869F61C549E2A00C11C17 /* ViewController.swift in Sources */ = {isa = PBXBuildFile; fileRef = 225869F51C549E2A00C11C17 /* ViewController.swift */; };
		225869F81C549E5300C11C17 /* Colors.swift in Sources */ = {isa = PBXBuildFile; fileRef = 225869F71C549E5300C11C17 /* Colors.swift */; };
/* End PBXBuildFile section */

/* Begin PBXContainerItemProxy section */
		225869C61C54626A00C11C17 /* PBXContainerItemProxy */ = {
			isa = PBXContainerItemProxy;
			containerPortal = 225869A91C54626900C11C17 /* Project object */;
			proxyType = 1;
			remoteGlobalIDString = 225869B01C54626A00C11C17;
			remoteInfo = BeLikeMe;
		};
		225869D11C54626A00C11C17 /* PBXContainerItemProxy */ = {
			isa = PBXContainerItemProxy;
			containerPortal = 225869A91C54626900C11C17 /* Project object */;
			proxyType = 1;
			remoteGlobalIDString = 225869B01C54626A00C11C17;
			remoteInfo = BeLikeMe;
		};
/* End PBXContainerItemProxy section */

/* Begin PBXFileReference section */
		225869B11C54626A00C11C17 /* BeLikeMe.app */ = {isa = PBXFileReference; explicitFileType = wrapper.application; includeInIndex = 0; path = BeLikeMe.app; sourceTree = BUILT_PRODUCTS_DIR; };
		225869B41C54626A00C11C17 /* AppDelegate.swift */ = {isa = PBXFileReference; lastKnownFileType = sourcecode.swift; path = AppDelegate.swift; sourceTree = "<group>"; };
		225869B91C54626A00C11C17 /* Base */ = {isa = PBXFileReference; lastKnownFileType = file.storyboard; name = Base; path = Base.lproj/Main.storyboard; sourceTree = "<group>"; };
		225869BB1C54626A00C11C17 /* Assets.xcassets */ = {isa = PBXFileReference; lastKnownFileType = folder.assetcatalog; path = Assets.xcassets; sourceTree = "<group>"; };
		225869BE1C54626A00C11C17 /* Base */ = {isa = PBXFileReference; lastKnownFileType = file.storyboard; name = Base; path = Base.lproj/LaunchScreen.storyboard; sourceTree = "<group>"; };
		225869C01C54626A00C11C17 /* Info.plist */ = {isa = PBXFileReference; lastKnownFileType = text.plist.xml; path = Info.plist; sourceTree = "<group>"; };
		225869C51C54626A00C11C17 /* BeLikeMeTests.xctest */ = {isa = PBXFileReference; explicitFileType = wrapper.cfbundle; includeInIndex = 0; path = BeLikeMeTests.xctest; sourceTree = BUILT_PRODUCTS_DIR; };
		225869C91C54626A00C11C17 /* BeLikeMeTests.swift */ = {isa = PBXFileReference; lastKnownFileType = sourcecode.swift; path = BeLikeMeTests.swift; sourceTree = "<group>"; };
		225869CB1C54626A00C11C17 /* Info.plist */ = {isa = PBXFileReference; lastKnownFileType = text.plist.xml; path = Info.plist; sourceTree = "<group>"; };
		225869D01C54626A00C11C17 /* BeLikeMeUITests.xctest */ = {isa = PBXFileReference; explicitFileType = wrapper.cfbundle; includeInIndex = 0; path = BeLikeMeUITests.xctest; sourceTree = BUILT_PRODUCTS_DIR; };
		225869D41C54626A00C11C17 /* BeLikeMeUITests.swift */ = {isa = PBXFileReference; lastKnownFileType = sourcecode.swift; path = BeLikeMeUITests.swift; sourceTree = "<group>"; };
		225869D61C54626A00C11C17 /* Info.plist */ = {isa = PBXFileReference; lastKnownFileType = text.plist.xml; path = Info.plist; sourceTree = "<group>"; };
		225869E21C54678800C11C17 /* PickViewController.swift */ = {isa = PBXFileReference; fileEncoding = 4; lastKnownFileType = sourcecode.swift; path = PickViewController.swift; sourceTree = "<group>"; };
		225869E41C54679700C11C17 /* ShareViewController.swift */ = {isa = PBXFileReference; fileEncoding = 4; lastKnownFileType = sourcecode.swift; path = ShareViewController.swift; sourceTree = "<group>"; };
		225869E71C54781D00C11C17 /* globalUser.swift */ = {isa = PBXFileReference; fileEncoding = 4; lastKnownFileType = sourcecode.swift; path = globalUser.swift; sourceTree = "<group>"; };
		225869E91C547B6700C11C17 /* StringReverserActivity.swift */ = {isa = PBXFileReference; fileEncoding = 4; lastKnownFileType = sourcecode.swift; path = StringReverserActivity.swift; sourceTree = "<group>"; };
		225869EB1C549DF600C11C17 /* OvalLayer.swift */ = {isa = PBXFileReference; fileEncoding = 4; lastKnownFileType = sourcecode.swift; path = OvalLayer.swift; sourceTree = "<group>"; };
		225869EC1C549DF600C11C17 /* TriangleLayer.swift */ = {isa = PBXFileReference; fileEncoding = 4; lastKnownFileType = sourcecode.swift; path = TriangleLayer.swift; sourceTree = "<group>"; };
		225869ED1C549DF600C11C17 /* RectangleLayer.swift */ = {isa = PBXFileReference; fileEncoding = 4; lastKnownFileType = sourcecode.swift; path = RectangleLayer.swift; sourceTree = "<group>"; };
		225869EE1C549DF600C11C17 /* ArcLayer.swift */ = {isa = PBXFileReference; fileEncoding = 4; lastKnownFileType = sourcecode.swift; path = ArcLayer.swift; sourceTree = "<group>"; };
		225869F31C549E0D00C11C17 /* HolderView.swift */ = {isa = PBXFileReference; fileEncoding = 4; lastKnownFileType = sourcecode.swift; path = HolderView.swift; sourceTree = "<group>"; };
		225869F51C549E2A00C11C17 /* ViewController.swift */ = {isa = PBXFileReference; fileEncoding = 4; lastKnownFileType = sourcecode.swift; path = ViewController.swift; sourceTree = "<group>"; };
		225869F71C549E5300C11C17 /* Colors.swift */ = {isa = PBXFileReference; fileEncoding = 4; lastKnownFileType = sourcecode.swift; path = Colors.swift; sourceTree = "<group>"; };
/* End PBXFileReference section */

/* Begin PBXFrameworksBuildPhase section */
		225869AE1C54626A00C11C17 /* Frameworks */ = {
			isa = PBXFrameworksBuildPhase;
			buildActionMask = 2147483647;
			files = (
			);
			runOnlyForDeploymentPostprocessing = 0;
		};
		225869C21C54626A00C11C17 /* Frameworks */ = {
			isa = PBXFrameworksBuildPhase;
			buildActionMask = 2147483647;
			files = (
			);
			runOnlyForDeploymentPostprocessing = 0;
		};
		225869CD1C54626A00C11C17 /* Frameworks */ = {
			isa = PBXFrameworksBuildPhase;
			buildActionMask = 2147483647;
			files = (
			);
			runOnlyForDeploymentPostprocessing = 0;
		};
/* End PBXFrameworksBuildPhase section */

/* Begin PBXGroup section */
		225869A81C54626900C11C17 = {
			isa = PBXGroup;
			children = (
				225869B31C54626A00C11C17 /* BeLikeMe */,
				225869C81C54626A00C11C17 /* BeLikeMeTests */,
				225869D31C54626A00C11C17 /* BeLikeMeUITests */,
				225869B21C54626A00C11C17 /* Products */,
			);
			sourceTree = "<group>";
		};
		225869B21C54626A00C11C17 /* Products */ = {
			isa = PBXGroup;
			children = (
				225869B11C54626A00C11C17 /* BeLikeMe.app */,
				225869C51C54626A00C11C17 /* BeLikeMeTests.xctest */,
				225869D01C54626A00C11C17 /* BeLikeMeUITests.xctest */,
			);
			name = Products;
			sourceTree = "<group>";
		};
		225869B31C54626A00C11C17 /* BeLikeMe */ = {
			isa = PBXGroup;
			children = (
				225869B41C54626A00C11C17 /* AppDelegate.swift */,
				225869F51C549E2A00C11C17 /* ViewController.swift */,
				225869E21C54678800C11C17 /* PickViewController.swift */,
				225869E41C54679700C11C17 /* ShareViewController.swift */,
				225869E71C54781D00C11C17 /* globalUser.swift */,
				225869E91C547B6700C11C17 /* StringReverserActivity.swift */,
				225869EB1C549DF600C11C17 /* OvalLayer.swift */,
				225869EC1C549DF600C11C17 /* TriangleLayer.swift */,
				225869F71C549E5300C11C17 /* Colors.swift */,
				225869F31C549E0D00C11C17 /* HolderView.swift */,
				225869ED1C549DF600C11C17 /* RectangleLayer.swift */,
				225869EE1C549DF600C11C17 /* ArcLayer.swift */,
				225869B81C54626A00C11C17 /* Main.storyboard */,
				225869BB1C54626A00C11C17 /* Assets.xcassets */,
				225869BD1C54626A00C11C17 /* LaunchScreen.storyboard */,
				225869C01C54626A00C11C17 /* Info.plist */,
			);
			path = BeLikeMe;
			sourceTree = "<group>";
		};
		225869C81C54626A00C11C17 /* BeLikeMeTests */ = {
			isa = PBXGroup;
			children = (
				225869C91C54626A00C11C17 /* BeLikeMeTests.swift */,
				225869CB1C54626A00C11C17 /* Info.plist */,
			);
			path = BeLikeMeTests;
			sourceTree = "<group>";
		};
		225869D31C54626A00C11C17 /* BeLikeMeUITests */ = {
			isa = PBXGroup;
			children = (
				225869D41C54626A00C11C17 /* BeLikeMeUITests.swift */,
				225869D61C54626A00C11C17 /* Info.plist */,
			);
			path = BeLikeMeUITests;
			sourceTree = "<group>";
		};
/* End PBXGroup section */

/* Begin PBXNativeTarget section */
		225869B01C54626A00C11C17 /* BeLikeMe */ = {
			isa = PBXNativeTarget;
			buildConfigurationList = 225869D91C54626A00C11C17 /* Build configuration list for PBXNativeTarget "BeLikeMe" */;
			buildPhases = (
				225869AD1C54626A00C11C17 /* Sources */,
				225869AE1C54626A00C11C17 /* Frameworks */,
				225869AF1C54626A00C11C17 /* Resources */,
			);
			buildRules = (
			);
			dependencies = (
			);
			name = BeLikeMe;
			productName = BeLikeMe;
			productReference = 225869B11C54626A00C11C17 /* BeLikeMe.app */;
			productType = "com.apple.product-type.application";
		};
		225869C41C54626A00C11C17 /* BeLikeMeTests */ = {
			isa = PBXNativeTarget;
			buildConfigurationList = 225869DC1C54626A00C11C17 /* Build configuration list for PBXNativeTarget "BeLikeMeTests" */;
			buildPhases = (
				225869C11C54626A00C11C17 /* Sources */,
				225869C21C54626A00C11C17 /* Frameworks */,
				225869C31C54626A00C11C17 /* Resources */,
			);
			buildRules = (
			);
			dependencies = (
				225869C71C54626A00C11C17 /* PBXTargetDependency */,
			);
			name = BeLikeMeTests;
			productName = BeLikeMeTests;
			productReference = 225869C51C54626A00C11C17 /* BeLikeMeTests.xctest */;
			productType = "com.apple.product-type.bundle.unit-test";
		};
		225869CF1C54626A00C11C17 /* BeLikeMeUITests */ = {
			isa = PBXNativeTarget;
			buildConfigurationList = 225869DF1C54626A00C11C17 /* Build configuration list for PBXNativeTarget "BeLikeMeUITests" */;
			buildPhases = (
				225869CC1C54626A00C11C17 /* Sources */,
				225869CD1C54626A00C11C17 /* Frameworks */,
				225869CE1C54626A00C11C17 /* Resources */,
			);
			buildRules = (
			);
			dependencies = (
				225869D21C54626A00C11C17 /* PBXTargetDependency */,
			);
			name = BeLikeMeUITests;
			productName = BeLikeMeUITests;
			productReference = 225869D01C54626A00C11C17 /* BeLikeMeUITests.xctest */;
			productType = "com.apple.product-type.bundle.ui-testing";
		};
/* End PBXNativeTarget section */

/* Begin PBXProject section */
		225869A91C54626900C11C17 /* Project object */ = {
			isa = PBXProject;
			attributes = {
				LastSwiftUpdateCheck = 0710;
				LastUpgradeCheck = 0710;
				ORGANIZATIONNAME = "Samuel Wang";
				TargetAttributes = {
					225869B01C54626A00C11C17 = {
						CreatedOnToolsVersion = 7.1;
						DevelopmentTeam = 6D4V6B74QA;
					};
					225869C41C54626A00C11C17 = {
						CreatedOnToolsVersion = 7.1;
						DevelopmentTeam = 6D4V6B74QA;
						TestTargetID = 225869B01C54626A00C11C17;
					};
					225869CF1C54626A00C11C17 = {
						CreatedOnToolsVersion = 7.1;
						DevelopmentTeam = 6D4V6B74QA;
						TestTargetID = 225869B01C54626A00C11C17;
					};
				};
			};
			buildConfigurationList = 225869AC1C54626900C11C17 /* Build configuration list for PBXProject "BeLikeMe" */;
			compatibilityVersion = "Xcode 3.2";
			developmentRegion = English;
			hasScannedForEncodings = 0;
			knownRegions = (
				en,
				Base,
			);
			mainGroup = 225869A81C54626900C11C17;
			productRefGroup = 225869B21C54626A00C11C17 /* Products */;
			projectDirPath = "";
			projectRoot = "";
			targets = (
				225869B01C54626A00C11C17 /* BeLikeMe */,
				225869C41C54626A00C11C17 /* BeLikeMeTests */,
				225869CF1C54626A00C11C17 /* BeLikeMeUITests */,
			);
		};
/* End PBXProject section */

/* Begin PBXResourcesBuildPhase section */
		225869AF1C54626A00C11C17 /* Resources */ = {
			isa = PBXResourcesBuildPhase;
			buildActionMask = 2147483647;
			files = (
				225869BF1C54626A00C11C17 /* LaunchScreen.storyboard in Resources */,
				225869BC1C54626A00C11C17 /* Assets.xcassets in Resources */,
				225869BA1C54626A00C11C17 /* Main.storyboard in Resources */,
			);
			runOnlyForDeploymentPostprocessing = 0;
		};
		225869C31C54626A00C11C17 /* Resources */ = {
			isa = PBXResourcesBuildPhase;
			buildActionMask = 2147483647;
			files = (
			);
			runOnlyForDeploymentPostprocessing = 0;
		};
		225869CE1C54626A00C11C17 /* Resources */ = {
			isa = PBXResourcesBuildPhase;
			buildActionMask = 2147483647;
			files = (
			);
			runOnlyForDeploymentPostprocessing = 0;
		};
/* End PBXResourcesBuildPhase section */

/* Begin PBXSourcesBuildPhase section */
		225869AD1C54626A00C11C17 /* Sources */ = {
			isa = PBXSourcesBuildPhase;
			buildActionMask = 2147483647;
			files = (
				225869E31C54678900C11C17 /* PickViewController.swift in Sources */,
				225869F81C549E5300C11C17 /* Colors.swift in Sources */,
				225869F01C549DF700C11C17 /* TriangleLayer.swift in Sources */,
				225869F21C549DF700C11C17 /* ArcLayer.swift in Sources */,
				225869F11C549DF700C11C17 /* RectangleLayer.swift in Sources */,
				225869F61C549E2A00C11C17 /* ViewController.swift in Sources */,
				225869E81C54781D00C11C17 /* globalUser.swift in Sources */,
				225869EA1C547B6700C11C17 /* StringReverserActivity.swift in Sources */,
				225869E51C54679700C11C17 /* ShareViewController.swift in Sources */,
				225869B51C54626A00C11C17 /* AppDelegate.swift in Sources */,
				225869F41C549E0D00C11C17 /* HolderView.swift in Sources */,
				225869EF1C549DF700C11C17 /* OvalLayer.swift in Sources */,
			);
			runOnlyForDeploymentPostprocessing = 0;
		};
		225869C11C54626A00C11C17 /* Sources */ = {
			isa = PBXSourcesBuildPhase;
			buildActionMask = 2147483647;
			files = (
				225869CA1C54626A00C11C17 /* BeLikeMeTests.swift in Sources */,
			);
			runOnlyForDeploymentPostprocessing = 0;
		};
		225869CC1C54626A00C11C17 /* Sources */ = {
			isa = PBXSourcesBuildPhase;
			buildActionMask = 2147483647;
			files = (
				225869D51C54626A00C11C17 /* BeLikeMeUITests.swift in Sources */,
			);
			runOnlyForDeploymentPostprocessing = 0;
		};
/* End PBXSourcesBuildPhase section */

/* Begin PBXTargetDependency section */
		225869C71C54626A00C11C17 /* PBXTargetDependency */ = {
			isa = PBXTargetDependency;
			target = 225869B01C54626A00C11C17 /* BeLikeMe */;
			targetProxy = 225869C61C54626A00C11C17 /* PBXContainerItemProxy */;
		};
		225869D21C54626A00C11C17 /* PBXTargetDependency */ = {
			isa = PBXTargetDependency;
			target = 225869B01C54626A00C11C17 /* BeLikeMe */;
			targetProxy = 225869D11C54626A00C11C17 /* PBXContainerItemProxy */;
		};
/* End PBXTargetDependency section */

/* Begin PBXVariantGroup section */
		225869B81C54626A00C11C17 /* Main.storyboard */ = {
			isa = PBXVariantGroup;
			children = (
				225869B91C54626A00C11C17 /* Base */,
			);
			name = Main.storyboard;
			sourceTree = "<group>";
		};
		225869BD1C54626A00C11C17 /* LaunchScreen.storyboard */ = {
			isa = PBXVariantGroup;
			children = (
				225869BE1C54626A00C11C17 /* Base */,
			);
			name = LaunchScreen.storyboard;
			sourceTree = "<group>";
		};
/* End PBXVariantGroup section */

/* Begin XCBuildConfiguration section */
		225869D71C54626A00C11C17 /* Debug */ = {
			isa = XCBuildConfiguration;
			buildSettings = {
				ALWAYS_SEARCH_USER_PATHS = NO;
				CLANG_CXX_LANGUAGE_STANDARD = "gnu++0x";
				CLANG_CXX_LIBRARY = "libc++";
				CLANG_ENABLE_MODULES = YES;
				CLANG_ENABLE_OBJC_ARC = YES;
				CLANG_WARN_BOOL_CONVERSION = YES;
				CLANG_WARN_CONSTANT_CONVERSION = YES;
				CLANG_WARN_DIRECT_OBJC_ISA_USAGE = YES_ERROR;
				CLANG_WARN_EMPTY_BODY = YES;
				CLANG_WARN_ENUM_CONVERSION = YES;
				CLANG_WARN_INT_CONVERSION = YES;
				CLANG_WARN_OBJC_ROOT_CLASS = YES_ERROR;
				CLANG_WARN_UNREACHABLE_CODE = YES;
				CLANG_WARN__DUPLICATE_METHOD_MATCH = YES;
				"CODE_SIGN_IDENTITY[sdk=iphoneos*]" = "iPhone Developer";
				COPY_PHASE_STRIP = NO;
				DEBUG_INFORMATION_FORMAT = dwarf;
				ENABLE_STRICT_OBJC_MSGSEND = YES;
				ENABLE_TESTABILITY = YES;
				GCC_C_LANGUAGE_STANDARD = gnu99;
				GCC_DYNAMIC_NO_PIC = NO;
				GCC_NO_COMMON_BLOCKS = YES;
				GCC_OPTIMIZATION_LEVEL = 0;
				GCC_PREPROCESSOR_DEFINITIONS = (
					"DEBUG=1",
					"$(inherited)",
				);
				GCC_WARN_64_TO_32_BIT_CONVERSION = YES;
				GCC_WARN_ABOUT_RETURN_TYPE = YES_ERROR;
				GCC_WARN_UNDECLARED_SELECTOR = YES;
				GCC_WARN_UNINITIALIZED_AUTOS = YES_AGGRESSIVE;
				GCC_WARN_UNUSED_FUNCTION = YES;
				GCC_WARN_UNUSED_VARIABLE = YES;
				IPHONEOS_DEPLOYMENT_TARGET = 9.1;
				MTL_ENABLE_DEBUG_INFO = YES;
				ONLY_ACTIVE_ARCH = YES;
				SDKROOT = iphoneos;
				SWIFT_OPTIMIZATION_LEVEL = "-Onone";
			};
			name = Debug;
		};
		225869D81C54626A00C11C17 /* Release */ = {
			isa = XCBuildConfiguration;
			buildSettings = {
				ALWAYS_SEARCH_USER_PATHS = NO;
				CLANG_CXX_LANGUAGE_STANDARD = "gnu++0x";
				CLANG_CXX_LIBRARY = "libc++";
				CLANG_ENABLE_MODULES = YES;
				CLANG_ENABLE_OBJC_ARC = YES;
				CLANG_WARN_BOOL_CONVERSION = YES;
				CLANG_WARN_CONSTANT_CONVERSION = YES;
				CLANG_WARN_DIRECT_OBJC_ISA_USAGE = YES_ERROR;
				CLANG_WARN_EMPTY_BODY = YES;
				CLANG_WARN_ENUM_CONVERSION = YES;
				CLANG_WARN_INT_CONVERSION = YES;
				CLANG_WARN_OBJC_ROOT_CLASS = YES_ERROR;
				CLANG_WARN_UNREACHABLE_CODE = YES;
				CLANG_WARN__DUPLICATE_METHOD_MATCH = YES;
				"CODE_SIGN_IDENTITY[sdk=iphoneos*]" = "iPhone Developer";
				COPY_PHASE_STRIP = NO;
				DEBUG_INFORMATION_FORMAT = "dwarf-with-dsym";
				ENABLE_NS_ASSERTIONS = NO;
				ENABLE_STRICT_OBJC_MSGSEND = YES;
				GCC_C_LANGUAGE_STANDARD = gnu99;
				GCC_NO_COMMON_BLOCKS = YES;
				GCC_WARN_64_TO_32_BIT_CONVERSION = YES;
				GCC_WARN_ABOUT_RETURN_TYPE = YES_ERROR;
				GCC_WARN_UNDECLARED_SELECTOR = YES;
				GCC_WARN_UNINITIALIZED_AUTOS = YES_AGGRESSIVE;
				GCC_WARN_UNUSED_FUNCTION = YES;
				GCC_WARN_UNUSED_VARIABLE = YES;
				IPHONEOS_DEPLOYMENT_TARGET = 9.1;
				MTL_ENABLE_DEBUG_INFO = NO;
				SDKROOT = iphoneos;
				VALIDATE_PRODUCT = YES;
			};
			name = Release;
		};
		225869DA1C54626A00C11C17 /* Debug */ = {
			isa = XCBuildConfiguration;
			buildSettings = {
				ASSETCATALOG_COMPILER_APPICON_NAME = AppIcon;
				INFOPLIST_FILE = BeLikeMe/Info.plist;
				LD_RUNPATH_SEARCH_PATHS = "$(inherited) @executable_path/Frameworks";
				PRODUCT_BUNDLE_IDENTIFIER = com.samwang.BeLikeMe;
				PRODUCT_NAME = "$(TARGET_NAME)";
			};
			name = Debug;
		};
		225869DB1C54626A00C11C17 /* Release */ = {
			isa = XCBuildConfiguration;
			buildSettings = {
				ASSETCATALOG_COMPILER_APPICON_NAME = AppIcon;
				INFOPLIST_FILE = BeLikeMe/Info.plist;
				LD_RUNPATH_SEARCH_PATHS = "$(inherited) @executable_path/Frameworks";
				PRODUCT_BUNDLE_IDENTIFIER = com.samwang.BeLikeMe;
				PRODUCT_NAME = "$(TARGET_NAME)";
			};
			name = Release;
		};
		225869DD1C54626A00C11C17 /* Debug */ = {
			isa = XCBuildConfiguration;
			buildSettings = {
				BUNDLE_LOADER = "$(TEST_HOST)";
				INFOPLIST_FILE = BeLikeMeTests/Info.plist;
				LD_RUNPATH_SEARCH_PATHS = "$(inherited) @executable_path/Frameworks @loader_path/Frameworks";
				PRODUCT_BUNDLE_IDENTIFIER = com.samwang.BeLikeMeTests;
				PRODUCT_NAME = "$(TARGET_NAME)";
				TEST_HOST = "$(BUILT_PRODUCTS_DIR)/BeLikeMe.app/BeLikeMe";
			};
			name = Debug;
		};
		225869DE1C54626A00C11C17 /* Release */ = {
			isa = XCBuildConfiguration;
			buildSettings = {
				BUNDLE_LOADER = "$(TEST_HOST)";
				INFOPLIST_FILE = BeLikeMeTests/Info.plist;
				LD_RUNPATH_SEARCH_PATHS = "$(inherited) @executable_path/Frameworks @loader_path/Frameworks";
				PRODUCT_BUNDLE_IDENTIFIER = com.samwang.BeLikeMeTests;
				PRODUCT_NAME = "$(TARGET_NAME)";
				TEST_HOST = "$(BUILT_PRODUCTS_DIR)/BeLikeMe.app/BeLikeMe";
			};
			name = Release;
		};
		225869E01C54626A00C11C17 /* Debug */ = {
			isa = XCBuildConfiguration;
			buildSettings = {
				INFOPLIST_FILE = BeLikeMeUITests/Info.plist;
				LD_RUNPATH_SEARCH_PATHS = "$(inherited) @executable_path/Frameworks @loader_path/Frameworks";
				PRODUCT_BUNDLE_IDENTIFIER = com.samwang.BeLikeMeUITests;
				PRODUCT_NAME = "$(TARGET_NAME)";
				TEST_TARGET_NAME = BeLikeMe;
				USES_XCTRUNNER = YES;
			};
			name = Debug;
		};
		225869E11C54626A00C11C17 /* Release */ = {
			isa = XCBuildConfiguration;
			buildSettings = {
				INFOPLIST_FILE = BeLikeMeUITests/Info.plist;
				LD_RUNPATH_SEARCH_PATHS = "$(inherited) @executable_path/Frameworks @loader_path/Frameworks";
				PRODUCT_BUNDLE_IDENTIFIER = com.samwang.BeLikeMeUITests;
				PRODUCT_NAME = "$(TARGET_NAME)";
				TEST_TARGET_NAME = BeLikeMe;
				USES_XCTRUNNER = YES;
			};
			name = Release;
		};
/* End XCBuildConfiguration section */

/* Begin XCConfigurationList section */
		225869AC1C54626900C11C17 /* Build configuration list for PBXProject "BeLikeMe" */ = {
			isa = XCConfigurationList;
			buildConfigurations = (
				225869D71C54626A00C11C17 /* Debug */,
				225869D81C54626A00C11C17 /* Release */,
			);
			defaultConfigurationIsVisible = 0;
			defaultConfigurationName = Release;
		};
		225869D91C54626A00C11C17 /* Build configuration list for PBXNativeTarget "BeLikeMe" */ = {
			isa = XCConfigurationList;
			buildConfigurations = (
				225869DA1C54626A00C11C17 /* Debug */,
				225869DB1C54626A00C11C17 /* Release */,
			);
			defaultConfigurationIsVisible = 0;
		};
		225869DC1C54626A00C11C17 /* Build configuration list for PBXNativeTarget "BeLikeMeTests" */ = {
			isa = XCConfigurationList;
			buildConfigurations = (
				225869DD1C54626A00C11C17 /* Debug */,
				225869DE1C54626A00C11C17 /* Release */,
			);
			defaultConfigurationIsVisible = 0;
		};
		225869DF1C54626A00C11C17 /* Build configuration list for PBXNativeTarget "BeLikeMeUITests" */ = {
			isa = XCConfigurationList;
			buildConfigurations = (
				225869E01C54626A00C11C17 /* Debug */,
				225869E11C54626A00C11C17 /* Release */,
			);
			defaultConfigurationIsVisible = 0;
		};
/* End XCConfigurationList section */
	};
	rootObject = 225869A91C54626900C11C17 /* Project object */;
}
